# This file is autogenerated, do not edit; changes may be undone by the next 'dep ensure'.


[[projects]]
  branch = "master"
  digest = "1:d24a4609de7d34e70de16afffc50b196cc595fab35782b297ca867651cbdb85c"
  name = "github.com/kenju/go-pipeline"
  packages = ["."]
  pruneopts = "UT"
  revision = "e153cf6afcec08d7baee8b4055f801d446d81b63"

[solve-meta]
  analyzer-name = "dep"
  analyzer-version = 1
  input-imports = ["github.com/kenju/go-pipeline"]
  solver-name = "gps-cdcl"
  solver-version = 1
